// !$*UTF8*$!
{
	archiveVersion = 1;
	classes = {
	};
	objectVersion = 50;
	objects = {

/* Begin PBXBuildFile section */
		E310693B2599638000D01EC2 /* Lamp_ClientApp.swift in Sources */ = {isa = PBXBuildFile; fileRef = E310693A2599638000D01EC2 /* Lamp_ClientApp.swift */; };
		E310693D2599638000D01EC2 /* ContentView.swift in Sources */ = {isa = PBXBuildFile; fileRef = E310693C2599638000D01EC2 /* ContentView.swift */; };
		E310693F2599638200D01EC2 /* Assets.xcassets in Resources */ = {isa = PBXBuildFile; fileRef = E310693E2599638200D01EC2 /* Assets.xcassets */; };
		E31069422599638200D01EC2 /* Preview Assets.xcassets in Resources */ = {isa = PBXBuildFile; fileRef = E31069412599638200D01EC2 /* Preview Assets.xcassets */; };
		E3195E3C259C13D3004898F8 /* UserSelectView.swift in Sources */ = {isa = PBXBuildFile; fileRef = E3195E3B259C13D3004898F8 /* UserSelectView.swift */; };
		E373E987259AD0E3003063BF /* liblampios.a in Frameworks */ = {isa = PBXBuildFile; fileRef = E373E986259AD07D003063BF /* liblampios.a */; };
		E39804BE259AA8B10047B928 /* LampClient.swift in Sources */ = {isa = PBXBuildFile; fileRef = E39804BD259AA8B10047B928 /* LampClient.swift */; };
/* End PBXBuildFile section */

/* Begin PBXFileReference section */
		E31069372599638000D01EC2 /* Lamp Client.app */ = {isa = PBXFileReference; explicitFileType = wrapper.application; includeInIndex = 0; path = "Lamp Client.app"; sourceTree = BUILT_PRODUCTS_DIR; };
		E310693A2599638000D01EC2 /* Lamp_ClientApp.swift */ = {isa = PBXFileReference; lastKnownFileType = sourcecode.swift; path = Lamp_ClientApp.swift; sourceTree = "<group>"; };
		E310693C2599638000D01EC2 /* ContentView.swift */ = {isa = PBXFileReference; lastKnownFileType = sourcecode.swift; path = ContentView.swift; sourceTree = "<group>"; };
		E310693E2599638200D01EC2 /* Assets.xcassets */ = {isa = PBXFileReference; lastKnownFileType = folder.assetcatalog; path = Assets.xcassets; sourceTree = "<group>"; };
		E31069412599638200D01EC2 /* Preview Assets.xcassets */ = {isa = PBXFileReference; lastKnownFileType = folder.assetcatalog; path = "Preview Assets.xcassets"; sourceTree = "<group>"; };
		E31069432599638200D01EC2 /* Info.plist */ = {isa = PBXFileReference; lastKnownFileType = text.plist.xml; path = Info.plist; sourceTree = "<group>"; };
		E3195E3B259C13D3004898F8 /* UserSelectView.swift */ = {isa = PBXFileReference; lastKnownFileType = sourcecode.swift; path = UserSelectView.swift; sourceTree = "<group>"; };
		E373E986259AD07D003063BF /* liblampios.a */ = {isa = PBXFileReference; lastKnownFileType = archive.ar; name = liblampios.a; path = ../../lamp_ios_lib/target/universal/release/liblampios.a; sourceTree = "<group>"; };
		E39804B4259A97920047B928 /* libresolv.tbd */ = {isa = PBXFileReference; lastKnownFileType = "sourcecode.text-based-dylib-definition"; name = libresolv.tbd; path = usr/lib/libresolv.tbd; sourceTree = SDKROOT; };
		E39804BD259AA8B10047B928 /* LampClient.swift */ = {isa = PBXFileReference; lastKnownFileType = sourcecode.swift; path = LampClient.swift; sourceTree = "<group>"; };
/* End PBXFileReference section */

/* Begin PBXFrameworksBuildPhase section */
		E31069342599638000D01EC2 /* Frameworks */ = {
			isa = PBXFrameworksBuildPhase;
			buildActionMask = 2147483647;
			files = (
				E373E987259AD0E3003063BF /* liblampios.a in Frameworks */,
			);
			runOnlyForDeploymentPostprocessing = 0;
		};
/* End PBXFrameworksBuildPhase section */

/* Begin PBXGroup section */
		E310692E2599638000D01EC2 = {
			isa = PBXGroup;
			children = (
				E39804BD259AA8B10047B928 /* LampClient.swift */,
				E31069392599638000D01EC2 /* Lamp Client */,
				E31069382599638000D01EC2 /* Products */,
				E39804B2259A976E0047B928 /* Frameworks */,
			);
			sourceTree = "<group>";
		};
		E31069382599638000D01EC2 /* Products */ = {
			isa = PBXGroup;
			children = (
				E31069372599638000D01EC2 /* Lamp Client.app */,
			);
			name = Products;
			sourceTree = "<group>";
		};
		E31069392599638000D01EC2 /* Lamp Client */ = {
			isa = PBXGroup;
			children = (
				E310693A2599638000D01EC2 /* Lamp_ClientApp.swift */,
				E310693C2599638000D01EC2 /* ContentView.swift */,
				E3195E3B259C13D3004898F8 /* UserSelectView.swift */,
				E310693E2599638200D01EC2 /* Assets.xcassets */,
				E31069432599638200D01EC2 /* Info.plist */,
				E31069402599638200D01EC2 /* Preview Content */,
			);
			path = "Lamp Client";
			sourceTree = "<group>";
		};
		E31069402599638200D01EC2 /* Preview Content */ = {
			isa = PBXGroup;
			children = (
				E31069412599638200D01EC2 /* Preview Assets.xcassets */,
			);
			path = "Preview Content";
			sourceTree = "<group>";
		};
		E39804B2259A976E0047B928 /* Frameworks */ = {
			isa = PBXGroup;
			children = (
				E373E986259AD07D003063BF /* liblampios.a */,
				E39804B4259A97920047B928 /* libresolv.tbd */,
			);
			name = Frameworks;
			sourceTree = "<group>";
		};
/* End PBXGroup section */

/* Begin PBXNativeTarget section */
		E31069362599638000D01EC2 /* Lamp Client */ = {
			isa = PBXNativeTarget;
			buildConfigurationList = E31069462599638200D01EC2 /* Build configuration list for PBXNativeTarget "Lamp Client" */;
			buildPhases = (
				E31069332599638000D01EC2 /* Sources */,
				E31069342599638000D01EC2 /* Frameworks */,
				E31069352599638000D01EC2 /* Resources */,
			);
			buildRules = (
			);
			dependencies = (
			);
			name = "Lamp Client";
			productName = "Lamp Client";
			productReference = E31069372599638000D01EC2 /* Lamp Client.app */;
			productType = "com.apple.product-type.application";
		};
/* End PBXNativeTarget section */

/* Begin PBXProject section */
		E310692F2599638000D01EC2 /* Project object */ = {
			isa = PBXProject;
			attributes = {
				LastSwiftUpdateCheck = 1230;
				LastUpgradeCheck = 1230;
				TargetAttributes = {
					E31069362599638000D01EC2 = {
						CreatedOnToolsVersion = 12.3;
					};
				};
			};
			buildConfigurationList = E31069322599638000D01EC2 /* Build configuration list for PBXProject "Lamp Client" */;
			compatibilityVersion = "Xcode 9.3";
			developmentRegion = en;
			hasScannedForEncodings = 0;
			knownRegions = (
				en,
				Base,
			);
			mainGroup = E310692E2599638000D01EC2;
			productRefGroup = E31069382599638000D01EC2 /* Products */;
			projectDirPath = "";
			projectRoot = "";
			targets = (
				E31069362599638000D01EC2 /* Lamp Client */,
			);
		};
/* End PBXProject section */

/* Begin PBXResourcesBuildPhase section */
		E31069352599638000D01EC2 /* Resources */ = {
			isa = PBXResourcesBuildPhase;
			buildActionMask = 2147483647;
			files = (
				E31069422599638200D01EC2 /* Preview Assets.xcassets in Resources */,
				E310693F2599638200D01EC2 /* Assets.xcassets in Resources */,
			);
			runOnlyForDeploymentPostprocessing = 0;
		};
/* End PBXResourcesBuildPhase section */

/* Begin PBXSourcesBuildPhase section */
		E31069332599638000D01EC2 /* Sources */ = {
			isa = PBXSourcesBuildPhase;
			buildActionMask = 2147483647;
			files = (
				E310693D2599638000D01EC2 /* ContentView.swift in Sources */,
				E3195E3C259C13D3004898F8 /* UserSelectView.swift in Sources */,
				E39804BE259AA8B10047B928 /* LampClient.swift in Sources */,
				E310693B2599638000D01EC2 /* Lamp_ClientApp.swift in Sources */,
			);
			runOnlyForDeploymentPostprocessing = 0;
		};
/* End PBXSourcesBuildPhase section */

/* Begin XCBuildConfiguration section */
		E31069442599638200D01EC2 /* Debug */ = {
			isa = XCBuildConfiguration;
			buildSettings = {
				ALWAYS_SEARCH_USER_PATHS = NO;
				CLANG_ANALYZER_NONNULL = YES;
				CLANG_ANALYZER_NUMBER_OBJECT_CONVERSION = YES_AGGRESSIVE;
				CLANG_CXX_LANGUAGE_STANDARD = "gnu++14";
				CLANG_CXX_LIBRARY = "libc++";
				CLANG_ENABLE_MODULES = YES;
				CLANG_ENABLE_OBJC_ARC = YES;
				CLANG_ENABLE_OBJC_WEAK = YES;
				CLANG_WARN_BLOCK_CAPTURE_AUTORELEASING = YES;
				CLANG_WARN_BOOL_CONVERSION = YES;
				CLANG_WARN_COMMA = YES;
				CLANG_WARN_CONSTANT_CONVERSION = YES;
				CLANG_WARN_DEPRECATED_OBJC_IMPLEMENTATIONS = YES;
				CLANG_WARN_DIRECT_OBJC_ISA_USAGE = YES_ERROR;
				CLANG_WARN_DOCUMENTATION_COMMENTS = YES;
				CLANG_WARN_EMPTY_BODY = YES;
				CLANG_WARN_ENUM_CONVERSION = YES;
				CLANG_WARN_INFINITE_RECURSION = YES;
				CLANG_WARN_INT_CONVERSION = YES;
				CLANG_WARN_NON_LITERAL_NULL_CONVERSION = YES;
				CLANG_WARN_OBJC_IMPLICIT_RETAIN_SELF = YES;
				CLANG_WARN_OBJC_LITERAL_CONVERSION = YES;
				CLANG_WARN_OBJC_ROOT_CLASS = YES_ERROR;
				CLANG_WARN_QUOTED_INCLUDE_IN_FRAMEWORK_HEADER = YES;
				CLANG_WARN_RANGE_LOOP_ANALYSIS = YES;
				CLANG_WARN_STRICT_PROTOTYPES = YES;
				CLANG_WARN_SUSPICIOUS_MOVE = YES;
				CLANG_WARN_UNGUARDED_AVAILABILITY = YES_AGGRESSIVE;
				CLANG_WARN_UNREACHABLE_CODE = YES;
				CLANG_WARN__DUPLICATE_METHOD_MATCH = YES;
				COPY_PHASE_STRIP = NO;
				DEBUG_INFORMATION_FORMAT = dwarf;
				ENABLE_STRICT_OBJC_MSGSEND = YES;
				ENABLE_TESTABILITY = YES;
				GCC_C_LANGUAGE_STANDARD = gnu11;
				GCC_DYNAMIC_NO_PIC = NO;
				GCC_NO_COMMON_BLOCKS = YES;
				GCC_OPTIMIZATION_LEVEL = 0;
				GCC_PREPROCESSOR_DEFINITIONS = (
					"DEBUG=1",
					"$(inherited)",
				);
				GCC_WARN_64_TO_32_BIT_CONVERSION = YES;
				GCC_WARN_ABOUT_RETURN_TYPE = YES_ERROR;
				GCC_WARN_UNDECLARED_SELECTOR = YES;
				GCC_WARN_UNINITIALIZED_AUTOS = YES_AGGRESSIVE;
				GCC_WARN_UNUSED_FUNCTION = YES;
				GCC_WARN_UNUSED_VARIABLE = YES;
				IPHONEOS_DEPLOYMENT_TARGET = 14.3;
				MTL_ENABLE_DEBUG_INFO = INCLUDE_SOURCE;
				MTL_FAST_MATH = YES;
				ONLY_ACTIVE_ARCH = YES;
				SDKROOT = iphoneos;
				SWIFT_ACTIVE_COMPILATION_CONDITIONS = DEBUG;
				SWIFT_OPTIMIZATION_LEVEL = "-Onone";
			};
			name = Debug;
		};
		E31069452599638200D01EC2 /* Release */ = {
			isa = XCBuildConfiguration;
			buildSettings = {
				ALWAYS_SEARCH_USER_PATHS = NO;
				CLANG_ANALYZER_NONNULL = YES;
				CLANG_ANALYZER_NUMBER_OBJECT_CONVERSION = YES_AGGRESSIVE;
				CLANG_CXX_LANGUAGE_STANDARD = "gnu++14";
				CLANG_CXX_LIBRARY = "libc++";
				CLANG_ENABLE_MODULES = YES;
				CLANG_ENABLE_OBJC_ARC = YES;
				CLANG_ENABLE_OBJC_WEAK = YES;
				CLANG_WARN_BLOCK_CAPTURE_AUTORELEASING = YES;
				CLANG_WARN_BOOL_CONVERSION = YES;
				CLANG_WARN_COMMA = YES;
				CLANG_WARN_CONSTANT_CONVERSION = YES;
				CLANG_WARN_DEPRECATED_OBJC_IMPLEMENTATIONS = YES;
				CLANG_WARN_DIRECT_OBJC_ISA_USAGE = YES_ERROR;
				CLANG_WARN_DOCUMENTATION_COMMENTS = YES;
				CLANG_WARN_EMPTY_BODY = YES;
				CLANG_WARN_ENUM_CONVERSION = YES;
				CLANG_WARN_INFINITE_RECURSION = YES;
				CLANG_WARN_INT_CONVERSION = YES;
				CLANG_WARN_NON_LITERAL_NULL_CONVERSION = YES;
				CLANG_WARN_OBJC_IMPLICIT_RETAIN_SELF = YES;
				CLANG_WARN_OBJC_LITERAL_CONVERSION = YES;
				CLANG_WARN_OBJC_ROOT_CLASS = YES_ERROR;
				CLANG_WARN_QUOTED_INCLUDE_IN_FRAMEWORK_HEADER = YES;
				CLANG_WARN_RANGE_LOOP_ANALYSIS = YES;
				CLANG_WARN_STRICT_PROTOTYPES = YES;
				CLANG_WARN_SUSPICIOUS_MOVE = YES;
				CLANG_WARN_UNGUARDED_AVAILABILITY = YES_AGGRESSIVE;
				CLANG_WARN_UNREACHABLE_CODE = YES;
				CLANG_WARN__DUPLICATE_METHOD_MATCH = YES;
				COPY_PHASE_STRIP = NO;
				DEBUG_INFORMATION_FORMAT = "dwarf-with-dsym";
				ENABLE_NS_ASSERTIONS = NO;
				ENABLE_STRICT_OBJC_MSGSEND = YES;
				GCC_C_LANGUAGE_STANDARD = gnu11;
				GCC_NO_COMMON_BLOCKS = YES;
				GCC_WARN_64_TO_32_BIT_CONVERSION = YES;
				GCC_WARN_ABOUT_RETURN_TYPE = YES_ERROR;
				GCC_WARN_UNDECLARED_SELECTOR = YES;
				GCC_WARN_UNINITIALIZED_AUTOS = YES_AGGRESSIVE;
				GCC_WARN_UNUSED_FUNCTION = YES;
				GCC_WARN_UNUSED_VARIABLE = YES;
				IPHONEOS_DEPLOYMENT_TARGET = 14.3;
				MTL_ENABLE_DEBUG_INFO = NO;
				MTL_FAST_MATH = YES;
				SDKROOT = iphoneos;
				SWIFT_COMPILATION_MODE = wholemodule;
				SWIFT_OPTIMIZATION_LEVEL = "-O";
				VALIDATE_PRODUCT = YES;
			};
			name = Release;
		};
		E31069472599638200D01EC2 /* Debug */ = {
			isa = XCBuildConfiguration;
			buildSettings = {
				ASSETCATALOG_COMPILER_APPICON_NAME = AppIcon;
				ASSETCATALOG_COMPILER_GLOBAL_ACCENT_COLOR_NAME = AccentColor;
				CODE_SIGN_STYLE = Automatic;
				DEVELOPMENT_ASSET_PATHS = "\"Lamp Client/Preview Content\"";
				DEVELOPMENT_TEAM = ANZXS48535;
				ENABLE_PREVIEWS = YES;
				HEADER_SEARCH_PATHS = "$(PROJECT_DIR)/../../lamp_ios_lib/src";
				INFOPLIST_FILE = "Lamp Client/Info.plist";
				IPHONEOS_DEPLOYMENT_TARGET = 14.0;
				LD_RUNPATH_SEARCH_PATHS = (
					"$(inherited)",
					"@executable_path/Frameworks",
				);
				LIBRARY_SEARCH_PATHS = "$(PROJECT_DIR)/../../lamp_ios_lib/target/universal/release";
				PRODUCT_BUNDLE_IDENTIFIER = "isft.Lamp-Client";
				PRODUCT_NAME = "$(TARGET_NAME)";
				SWIFT_OBJC_BRIDGING_HEADER = "$(PROJECT_DIR)/../../lamp_ios_lib/src/lamp_ios_lib.h";
				SWIFT_VERSION = 5.0;
				TARGETED_DEVICE_FAMILY = "1,2";
			};
			name = Debug;
		};
		E31069482599638200D01EC2 /* Release */ = {
			isa = XCBuildConfiguration;
			buildSettings = {
				ASSETCATALOG_COMPILER_APPICON_NAME = AppIcon;
				ASSETCATALOG_COMPILER_GLOBAL_ACCENT_COLOR_NAME = AccentColor;
				CODE_SIGN_STYLE = Automatic;
				DEVELOPMENT_ASSET_PATHS = "\"Lamp Client/Preview Content\"";
				DEVELOPMENT_TEAM = ANZXS48535;
				ENABLE_PREVIEWS = YES;
				HEADER_SEARCH_PATHS = "$(PROJECT_DIR)/../../lamp_ios_lib/src";
				INFOPLIST_FILE = "Lamp Client/Info.plist";
				IPHONEOS_DEPLOYMENT_TARGET = 14.0;
				LD_RUNPATH_SEARCH_PATHS = (
					"$(inherited)",
					"@executable_path/Frameworks",
				);
				LIBRARY_SEARCH_PATHS = "$(PROJECT_DIR)/../../lamp_ios_lib/target/universal/release";
				PRODUCT_BUNDLE_IDENTIFIER = "isft.Lamp-Client";
				PRODUCT_NAME = "$(TARGET_NAME)";
				SWIFT_OBJC_BRIDGING_HEADER = "$(PROJECT_DIR)/../../lamp_ios_lib/src/lamp_ios_lib.h";
				SWIFT_VERSION = 5.0;
				TARGETED_DEVICE_FAMILY = "1,2";
			};
			name = Release;
		};
/* End XCBuildConfiguration section */

/* Begin XCConfigurationList section */
		E31069322599638000D01EC2 /* Build configuration list for PBXProject "Lamp Client" */ = {
			isa = XCConfigurationList;
			buildConfigurations = (
				E31069442599638200D01EC2 /* Debug */,
				E31069452599638200D01EC2 /* Release */,
			);
			defaultConfigurationIsVisible = 0;
			defaultConfigurationName = Release;
		};
		E31069462599638200D01EC2 /* Build configuration list for PBXNativeTarget "Lamp Client" */ = {
			isa = XCConfigurationList;
			buildConfigurations = (
				E31069472599638200D01EC2 /* Debug */,
				E31069482599638200D01EC2 /* Release */,
			);
			defaultConfigurationIsVisible = 0;
			defaultConfigurationName = Release;
		};
/* End XCConfigurationList section */
	};
	rootObject = E310692F2599638000D01EC2 /* Project object */;
}
